
Microsoft Visual Studio Solution File, Format Version 12.00
# Visual Studio Version 16
VisualStudioVersion = 16.0.30907.101
MinimumVisualStudioVersion = 10.0.40219.1
Project("{9A19103F-16F7-4668-BE54-9A1E7A4F7556}") = "SignIn", "SignIn\SignIn.csproj", "{7AF6F6B4-AF0C-4077-98AF-77CC5F30655D}"
EndProject
Project("{9A19103F-16F7-4668-BE54-9A1E7A4F7556}") = "Authorization", "Authorization\Authorization.csproj", "{6EA4984C-B0B2-4767-923D-1A8526F741D2}"
EndProject
Project("{FAE04EC0-301F-11D3-BF4B-00C04F79EFBC}") = "Registration", "Registration\Registration.csproj", "{660FC622-D4D7-4B31-A076-53BBE3CA0EAB}"
EndProject
Global
	GlobalSection(SolutionConfigurationPlatforms) = preSolution
		Debug|Any CPU = Debug|Any CPU
		Release|Any CPU = Release|Any CPU
	EndGlobalSection
	GlobalSection(ProjectConfigurationPlatforms) = postSolution
		{7AF6F6B4-AF0C-4077-98AF-77CC5F30655D}.Debug|Any CPU.ActiveCfg = Debug|Any CPU
		{7AF6F6B4-AF0C-4077-98AF-77CC5F30655D}.Debug|Any CPU.Build.0 = Debug|Any CPU
		{7AF6F6B4-AF0C-4077-98AF-77CC5F30655D}.Release|Any CPU.ActiveCfg = Release|Any CPU
		{7AF6F6B4-AF0C-4077-98AF-77CC5F30655D}.Release|Any CPU.Build.0 = Release|Any CPU
		{6EA4984C-B0B2-4767-923D-1A8526F741D2}.Debug|Any CPU.ActiveCfg = Debug|Any CPU
		{6EA4984C-B0B2-4767-923D-1A8526F741D2}.Debug|Any CPU.Build.0 = Debug|Any CPU
		{6EA4984C-B0B2-4767-923D-1A8526F741D2}.Release|Any CPU.ActiveCfg = Release|Any CPU
		{6EA4984C-B0B2-4767-923D-1A8526F741D2}.Release|Any CPU.Build.0 = Release|Any CPU
		{660FC622-D4D7-4B31-A076-53BBE3CA0EAB}.Debug|Any CPU.ActiveCfg = Debug|Any CPU
		{660FC622-D4D7-4B31-A076-53BBE3CA0EAB}.Debug|Any CPU.Build.0 = Debug|Any CPU
		{660FC622-D4D7-4B31-A076-53BBE3CA0EAB}.Release|Any CPU.ActiveCfg = Release|Any CPU
		{660FC622-D4D7-4B31-A076-53BBE3CA0EAB}.Release|Any CPU.Build.0 = Release|Any CPU
	EndGlobalSection
	GlobalSection(SolutionProperties) = preSolution
		HideSolutionNode = FALSE
	EndGlobalSection
	GlobalSection(ExtensibilityGlobals) = postSolution
		SolutionGuid = {CC470894-1002-4B7C-86C7-0EE405F85BBF}
	EndGlobalSection
EndGlobal
